
Microsoft Visual Studio Solution File, Format Version 12.00
# Visual Studio 14
VisualStudioVersion = 14.0.23107.0
MinimumVisualStudioVersion = 10.0.40219.1
Project("{2150E333-8FDC-42A3-9474-1A3956D46DE8}") = "src", "src", "{4781A0A9-B98F-4157-A028-9F313C8EF322}"
EndProject
Project("{2150E333-8FDC-42A3-9474-1A3956D46DE8}") = "Solution Items", "Solution Items", "{EF3CF4EC-6ECE-4844-98AA-52D8F312E283}"
	ProjectSection(SolutionItems) = preProject
		global.json = global.json
	EndProjectSection
EndProject
Project("{8BB2217D-0F2D-49D1-97BC-3654ED321F3B}") = "DistributedWebTest.Server.WebApi", "src\PerformanceTester.WebApi\DistributedWebTest.Server.WebApi.xproj", "{EC2A4FAD-02A2-4DC9-ADA1-B7CD3C5FFEF2}"
EndProject
Project("{2150E333-8FDC-42A3-9474-1A3956D46DE8}") = "PublishScripts", "PublishScripts", "{4A19939E-551E-49E8-B727-1430D70F5737}"
	ProjectSection(SolutionItems) = preProject
		PublishScripts\AzureVMPublishModule.psm1 = PublishScripts\AzureVMPublishModule.psm1
		PublishScripts\Publish-WebApplicationVM.ps1 = PublishScripts\Publish-WebApplicationVM.ps1
	EndProjectSection
EndProject
Project("{2150E333-8FDC-42A3-9474-1A3956D46DE8}") = "Configurations", "Configurations", "{81F59148-3D63-4F3D-968E-95312E491BC2}"
	ProjectSection(SolutionItems) = preProject
		PublishScripts\Configurations\PerformanceTesterWebApi-WAWS-dev.json = PublishScripts\Configurations\PerformanceTesterWebApi-WAWS-dev.json
	EndProjectSection
EndProject
Project("{FAE04EC0-301F-11D3-BF4B-00C04F79EFBC}") = "DistributedWebTest.Server.Data", "DistributedWebTest.Server.Data\DistributedWebTest.Server.Data.csproj", "{33B40E6C-EA01-4F1A-A6CE-D3B253516F32}"
EndProject
Global
	GlobalSection(SolutionConfigurationPlatforms) = preSolution
		Debug|Any CPU = Debug|Any CPU
		Release|Any CPU = Release|Any CPU
	EndGlobalSection
	GlobalSection(ProjectConfigurationPlatforms) = postSolution
		{EC2A4FAD-02A2-4DC9-ADA1-B7CD3C5FFEF2}.Debug|Any CPU.ActiveCfg = Debug|Any CPU
		{EC2A4FAD-02A2-4DC9-ADA1-B7CD3C5FFEF2}.Debug|Any CPU.Build.0 = Debug|Any CPU
		{EC2A4FAD-02A2-4DC9-ADA1-B7CD3C5FFEF2}.Release|Any CPU.ActiveCfg = Release|Any CPU
		{EC2A4FAD-02A2-4DC9-ADA1-B7CD3C5FFEF2}.Release|Any CPU.Build.0 = Release|Any CPU
		{33B40E6C-EA01-4F1A-A6CE-D3B253516F32}.Debug|Any CPU.ActiveCfg = Debug|Any CPU
		{33B40E6C-EA01-4F1A-A6CE-D3B253516F32}.Debug|Any CPU.Build.0 = Debug|Any CPU
		{33B40E6C-EA01-4F1A-A6CE-D3B253516F32}.Release|Any CPU.ActiveCfg = Release|Any CPU
		{33B40E6C-EA01-4F1A-A6CE-D3B253516F32}.Release|Any CPU.Build.0 = Release|Any CPU
	EndGlobalSection
	GlobalSection(SolutionProperties) = preSolution
		HideSolutionNode = FALSE
	EndGlobalSection
	GlobalSection(NestedProjects) = preSolution
		{EC2A4FAD-02A2-4DC9-ADA1-B7CD3C5FFEF2} = {4781A0A9-B98F-4157-A028-9F313C8EF322}
		{81F59148-3D63-4F3D-968E-95312E491BC2} = {4A19939E-551E-49E8-B727-1430D70F5737}
	EndGlobalSection
EndGlobal
